// !$*UTF8*$!
{
	archiveVersion = 1;
	classes = {
	};
	objectVersion = 55;
	objects = {

/* Begin PBXBuildFile section */
		CF11A43428BF9D0800E34294 /* Landmarks.json in Resources */ = {isa = PBXBuildFile; fileRef = CF11A43328BF9D0800E34294 /* Landmarks.json */; };
		CF11A43628BF9D2E00E34294 /* LandmarkAnnotation.swift in Sources */ = {isa = PBXBuildFile; fileRef = CF11A43528BF9D2E00E34294 /* LandmarkAnnotation.swift */; };
		CF11A43828BFA3B900E34294 /* Landmark.swift in Sources */ = {isa = PBXBuildFile; fileRef = CF11A43728BFA3B900E34294 /* Landmark.swift */; };
		CF11A43A28BFCCF200E34294 /* MainLandMarkTable.swift in Sources */ = {isa = PBXBuildFile; fileRef = CF11A43928BFCCF200E34294 /* MainLandMarkTable.swift */; };
		CF17F7E128BDB621003F702B /* MainMapView.swift in Sources */ = {isa = PBXBuildFile; fileRef = CF17F7E028BDB621003F702B /* MainMapView.swift */; };
		CF17F7E528BEE08B003F702B /* LocationManager.swift in Sources */ = {isa = PBXBuildFile; fileRef = CF17F7E428BEE08B003F702B /* LocationManager.swift */; };
		CFF8FAC728BD95C40006005C /* TripAroundSeoulApp.swift in Sources */ = {isa = PBXBuildFile; fileRef = CFF8FAC628BD95C40006005C /* TripAroundSeoulApp.swift */; };
		CFF8FAC928BD95C40006005C /* MainView.swift in Sources */ = {isa = PBXBuildFile; fileRef = CFF8FAC828BD95C40006005C /* MainView.swift */; };
		CFF8FACB28BD95C50006005C /* Assets.xcassets in Resources */ = {isa = PBXBuildFile; fileRef = CFF8FACA28BD95C50006005C /* Assets.xcassets */; };
		CFF8FACE28BD95C50006005C /* Preview Assets.xcassets in Resources */ = {isa = PBXBuildFile; fileRef = CFF8FACD28BD95C50006005C /* Preview Assets.xcassets */; };
/* End PBXBuildFile section */

/* Begin PBXFileReference section */
		CF11A43328BF9D0800E34294 /* Landmarks.json */ = {isa = PBXFileReference; fileEncoding = 4; lastKnownFileType = text.json; name = Landmarks.json; path = TripAroundSeoul/Landmarks.json; sourceTree = SOURCE_ROOT; };
		CF11A43528BF9D2E00E34294 /* LandmarkAnnotation.swift */ = {isa = PBXFileReference; lastKnownFileType = sourcecode.swift; path = LandmarkAnnotation.swift; sourceTree = "<group>"; };
		CF11A43728BFA3B900E34294 /* Landmark.swift */ = {isa = PBXFileReference; lastKnownFileType = sourcecode.swift; path = Landmark.swift; sourceTree = "<group>"; };
		CF11A43928BFCCF200E34294 /* MainLandMarkTable.swift */ = {isa = PBXFileReference; lastKnownFileType = sourcecode.swift; path = MainLandMarkTable.swift; sourceTree = "<group>"; };
		CF17F7E028BDB621003F702B /* MainMapView.swift */ = {isa = PBXFileReference; lastKnownFileType = sourcecode.swift; path = MainMapView.swift; sourceTree = "<group>"; };
		CF17F7E428BEE08B003F702B /* LocationManager.swift */ = {isa = PBXFileReference; lastKnownFileType = sourcecode.swift; path = LocationManager.swift; sourceTree = "<group>"; };
		CFF8FAC328BD95C40006005C /* TripAroundSeoul.app */ = {isa = PBXFileReference; explicitFileType = wrapper.application; includeInIndex = 0; path = TripAroundSeoul.app; sourceTree = BUILT_PRODUCTS_DIR; };
		CFF8FAC628BD95C40006005C /* TripAroundSeoulApp.swift */ = {isa = PBXFileReference; lastKnownFileType = sourcecode.swift; path = TripAroundSeoulApp.swift; sourceTree = "<group>"; };
		CFF8FAC828BD95C40006005C /* MainView.swift */ = {isa = PBXFileReference; lastKnownFileType = sourcecode.swift; path = MainView.swift; sourceTree = "<group>"; };
		CFF8FACA28BD95C50006005C /* Assets.xcassets */ = {isa = PBXFileReference; lastKnownFileType = folder.assetcatalog; path = Assets.xcassets; sourceTree = "<group>"; };
		CFF8FACD28BD95C50006005C /* Preview Assets.xcassets */ = {isa = PBXFileReference; lastKnownFileType = folder.assetcatalog; path = "Preview Assets.xcassets"; sourceTree = "<group>"; };
/* End PBXFileReference section */

/* Begin PBXFrameworksBuildPhase section */
		CFF8FAC028BD95C40006005C /* Frameworks */ = {
			isa = PBXFrameworksBuildPhase;
			buildActionMask = 2147483647;
			files = (
			);
			runOnlyForDeploymentPostprocessing = 0;
		};
/* End PBXFrameworksBuildPhase section */

/* Begin PBXGroup section */
		CF17F7DF28BDB600003F702B /* View */ = {
			isa = PBXGroup;
			children = (
				CFF8FAC828BD95C40006005C /* MainView.swift */,
				CF17F7E028BDB621003F702B /* MainMapView.swift */,
				CF11A43928BFCCF200E34294 /* MainLandMarkTable.swift */,
			);
			path = View;
			sourceTree = "<group>";
		};
		CFF8FABA28BD95C40006005C = {
			isa = PBXGroup;
			children = (
				CFF8FAC528BD95C40006005C /* TripAroundSeoul */,
				CFF8FAC428BD95C40006005C /* Products */,
			);
			sourceTree = "<group>";
		};
		CFF8FAC428BD95C40006005C /* Products */ = {
			isa = PBXGroup;
			children = (
				CFF8FAC328BD95C40006005C /* TripAroundSeoul.app */,
			);
			name = Products;
			sourceTree = "<group>";
		};
		CFF8FAC528BD95C40006005C /* TripAroundSeoul */ = {
			isa = PBXGroup;
			children = (
				CF17F7DF28BDB600003F702B /* View */,
				CFF8FAC628BD95C40006005C /* TripAroundSeoulApp.swift */,
				CF17F7E428BEE08B003F702B /* LocationManager.swift */,
				CF11A43528BF9D2E00E34294 /* LandmarkAnnotation.swift */,
				CF11A43728BFA3B900E34294 /* Landmark.swift */,
				CF11A43328BF9D0800E34294 /* Landmarks.json */,
				CFF8FACA28BD95C50006005C /* Assets.xcassets */,
				CFF8FACC28BD95C50006005C /* Preview Content */,
			);
			path = TripAroundSeoul;
			sourceTree = "<group>";
		};
		CFF8FACC28BD95C50006005C /* Preview Content */ = {
			isa = PBXGroup;
			children = (
				CFF8FACD28BD95C50006005C /* Preview Assets.xcassets */,
			);
			path = "Preview Content";
			sourceTree = "<group>";
		};
/* End PBXGroup section */

/* Begin PBXNativeTarget section */
		CFF8FAC228BD95C40006005C /* TripAroundSeoul */ = {
			isa = PBXNativeTarget;
			buildConfigurationList = CFF8FAD128BD95C50006005C /* Build configuration list for PBXNativeTarget "TripAroundSeoul" */;
			buildPhases = (
				CFF8FABF28BD95C40006005C /* Sources */,
				CFF8FAC028BD95C40006005C /* Frameworks */,
				CFF8FAC128BD95C40006005C /* Resources */,
			);
			buildRules = (
			);
			dependencies = (
			);
			name = TripAroundSeoul;
			productName = TripAroundSeoul;
			productReference = CFF8FAC328BD95C40006005C /* TripAroundSeoul.app */;
			productType = "com.apple.product-type.application";
		};
/* End PBXNativeTarget section */

/* Begin PBXProject section */
		CFF8FABB28BD95C40006005C /* Project object */ = {
			isa = PBXProject;
			attributes = {
				BuildIndependentTargetsInParallel = 1;
				LastSwiftUpdateCheck = 1340;
				LastUpgradeCheck = 1340;
				TargetAttributes = {
					CFF8FAC228BD95C40006005C = {
						CreatedOnToolsVersion = 13.4.1;
					};
				};
			};
			buildConfigurationList = CFF8FABE28BD95C40006005C /* Build configuration list for PBXProject "TripAroundSeoul" */;
			compatibilityVersion = "Xcode 13.0";
			developmentRegion = en;
			hasScannedForEncodings = 0;
			knownRegions = (
				en,
				Base,
			);
			mainGroup = CFF8FABA28BD95C40006005C;
			productRefGroup = CFF8FAC428BD95C40006005C /* Products */;
			projectDirPath = "";
			projectRoot = "";
			targets = (
				CFF8FAC228BD95C40006005C /* TripAroundSeoul */,
			);
		};
/* End PBXProject section */

/* Begin PBXResourcesBuildPhase section */
		CFF8FAC128BD95C40006005C /* Resources */ = {
			isa = PBXResourcesBuildPhase;
			buildActionMask = 2147483647;
			files = (
				CFF8FACE28BD95C50006005C /* Preview Assets.xcassets in Resources */,
				CFF8FACB28BD95C50006005C /* Assets.xcassets in Resources */,
				CF11A43428BF9D0800E34294 /* Landmarks.json in Resources */,
			);
			runOnlyForDeploymentPostprocessing = 0;
		};
/* End PBXResourcesBuildPhase section */

/* Begin PBXSourcesBuildPhase section */
		CFF8FABF28BD95C40006005C /* Sources */ = {
			isa = PBXSourcesBuildPhase;
			buildActionMask = 2147483647;
			files = (
				CF17F7E528BEE08B003F702B /* LocationManager.swift in Sources */,
				CF17F7E128BDB621003F702B /* MainMapView.swift in Sources */,
				CF11A43628BF9D2E00E34294 /* LandmarkAnnotation.swift in Sources */,
				CF11A43A28BFCCF200E34294 /* MainLandMarkTable.swift in Sources */,
				CFF8FAC928BD95C40006005C /* MainView.swift in Sources */,
				CFF8FAC728BD95C40006005C /* TripAroundSeoulApp.swift in Sources */,
				CF11A43828BFA3B900E34294 /* Landmark.swift in Sources */,
			);
			runOnlyForDeploymentPostprocessing = 0;
		};
/* End PBXSourcesBuildPhase section */

/* Begin XCBuildConfiguration section */
		CFF8FACF28BD95C50006005C /* Debug */ = {
			isa = XCBuildConfiguration;
			buildSettings = {
				ALWAYS_SEARCH_USER_PATHS = NO;
				CLANG_ANALYZER_NONNULL = YES;
				CLANG_ANALYZER_NUMBER_OBJECT_CONVERSION = YES_AGGRESSIVE;
				CLANG_CXX_LANGUAGE_STANDARD = "gnu++17";
				CLANG_ENABLE_MODULES = YES;
				CLANG_ENABLE_OBJC_ARC = YES;
				CLANG_ENABLE_OBJC_WEAK = YES;
				CLANG_WARN_BLOCK_CAPTURE_AUTORELEASING = YES;
				CLANG_WARN_BOOL_CONVERSION = YES;
				CLANG_WARN_COMMA = YES;
				CLANG_WARN_CONSTANT_CONVERSION = YES;
				CLANG_WARN_DEPRECATED_OBJC_IMPLEMENTATIONS = YES;
				CLANG_WARN_DIRECT_OBJC_ISA_USAGE = YES_ERROR;
				CLANG_WARN_DOCUMENTATION_COMMENTS = YES;
				CLANG_WARN_EMPTY_BODY = YES;
				CLANG_WARN_ENUM_CONVERSION = YES;
				CLANG_WARN_INFINITE_RECURSION = YES;
				CLANG_WARN_INT_CONVERSION = YES;
				CLANG_WARN_NON_LITERAL_NULL_CONVERSION = YES;
				CLANG_WARN_OBJC_IMPLICIT_RETAIN_SELF = YES;
				CLANG_WARN_OBJC_LITERAL_CONVERSION = YES;
				CLANG_WARN_OBJC_ROOT_CLASS = YES_ERROR;
				CLANG_WARN_QUOTED_INCLUDE_IN_FRAMEWORK_HEADER = YES;
				CLANG_WARN_RANGE_LOOP_ANALYSIS = YES;
				CLANG_WARN_STRICT_PROTOTYPES = YES;
				CLANG_WARN_SUSPICIOUS_MOVE = YES;
				CLANG_WARN_UNGUARDED_AVAILABILITY = YES_AGGRESSIVE;
				CLANG_WARN_UNREACHABLE_CODE = YES;
				CLANG_WARN__DUPLICATE_METHOD_MATCH = YES;
				COPY_PHASE_STRIP = NO;
				DEBUG_INFORMATION_FORMAT = dwarf;
				ENABLE_STRICT_OBJC_MSGSEND = YES;
				ENABLE_TESTABILITY = YES;
				GCC_C_LANGUAGE_STANDARD = gnu11;
				GCC_DYNAMIC_NO_PIC = NO;
				GCC_NO_COMMON_BLOCKS = YES;
				GCC_OPTIMIZATION_LEVEL = 0;
				GCC_PREPROCESSOR_DEFINITIONS = (
					"DEBUG=1",
					"$(inherited)",
				);
				GCC_WARN_64_TO_32_BIT_CONVERSION = YES;
				GCC_WARN_ABOUT_RETURN_TYPE = YES_ERROR;
				GCC_WARN_UNDECLARED_SELECTOR = YES;
				GCC_WARN_UNINITIALIZED_AUTOS = YES_AGGRESSIVE;
				GCC_WARN_UNUSED_FUNCTION = YES;
				GCC_WARN_UNUSED_VARIABLE = YES;
				IPHONEOS_DEPLOYMENT_TARGET = 15.5;
				MTL_ENABLE_DEBUG_INFO = INCLUDE_SOURCE;
				MTL_FAST_MATH = YES;
				ONLY_ACTIVE_ARCH = YES;
				SDKROOT = iphoneos;
				SWIFT_ACTIVE_COMPILATION_CONDITIONS = DEBUG;
				SWIFT_OPTIMIZATION_LEVEL = "-Onone";
			};
			name = Debug;
		};
		CFF8FAD028BD95C50006005C /* Release */ = {
			isa = XCBuildConfiguration;
			buildSettings = {
				ALWAYS_SEARCH_USER_PATHS = NO;
				CLANG_ANALYZER_NONNULL = YES;
				CLANG_ANALYZER_NUMBER_OBJECT_CONVERSION = YES_AGGRESSIVE;
				CLANG_CXX_LANGUAGE_STANDARD = "gnu++17";
				CLANG_ENABLE_MODULES = YES;
				CLANG_ENABLE_OBJC_ARC = YES;
				CLANG_ENABLE_OBJC_WEAK = YES;
				CLANG_WARN_BLOCK_CAPTURE_AUTORELEASING = YES;
				CLANG_WARN_BOOL_CONVERSION = YES;
				CLANG_WARN_COMMA = YES;
				CLANG_WARN_CONSTANT_CONVERSION = YES;
				CLANG_WARN_DEPRECATED_OBJC_IMPLEMENTATIONS = YES;
				CLANG_WARN_DIRECT_OBJC_ISA_USAGE = YES_ERROR;
				CLANG_WARN_DOCUMENTATION_COMMENTS = YES;
				CLANG_WARN_EMPTY_BODY = YES;
				CLANG_WARN_ENUM_CONVERSION = YES;
				CLANG_WARN_INFINITE_RECURSION = YES;
				CLANG_WARN_INT_CONVERSION = YES;
				CLANG_WARN_NON_LITERAL_NULL_CONVERSION = YES;
				CLANG_WARN_OBJC_IMPLICIT_RETAIN_SELF = YES;
				CLANG_WARN_OBJC_LITERAL_CONVERSION = YES;
				CLANG_WARN_OBJC_ROOT_CLASS = YES_ERROR;
				CLANG_WARN_QUOTED_INCLUDE_IN_FRAMEWORK_HEADER = YES;
				CLANG_WARN_RANGE_LOOP_ANALYSIS = YES;
				CLANG_WARN_STRICT_PROTOTYPES = YES;
				CLANG_WARN_SUSPICIOUS_MOVE = YES;
				CLANG_WARN_UNGUARDED_AVAILABILITY = YES_AGGRESSIVE;
				CLANG_WARN_UNREACHABLE_CODE = YES;
				CLANG_WARN__DUPLICATE_METHOD_MATCH = YES;
				COPY_PHASE_STRIP = NO;
				DEBUG_INFORMATION_FORMAT = "dwarf-with-dsym";
				ENABLE_NS_ASSERTIONS = NO;
				ENABLE_STRICT_OBJC_MSGSEND = YES;
				GCC_C_LANGUAGE_STANDARD = gnu11;
				GCC_NO_COMMON_BLOCKS = YES;
				GCC_WARN_64_TO_32_BIT_CONVERSION = YES;
				GCC_WARN_ABOUT_RETURN_TYPE = YES_ERROR;
				GCC_WARN_UNDECLARED_SELECTOR = YES;
				GCC_WARN_UNINITIALIZED_AUTOS = YES_AGGRESSIVE;
				GCC_WARN_UNUSED_FUNCTION = YES;
				GCC_WARN_UNUSED_VARIABLE = YES;
				IPHONEOS_DEPLOYMENT_TARGET = 15.5;
				MTL_ENABLE_DEBUG_INFO = NO;
				MTL_FAST_MATH = YES;
				SDKROOT = iphoneos;
				SWIFT_COMPILATION_MODE = wholemodule;
				SWIFT_OPTIMIZATION_LEVEL = "-O";
				VALIDATE_PRODUCT = YES;
			};
			name = Release;
		};
		CFF8FAD228BD95C50006005C /* Debug */ = {
			isa = XCBuildConfiguration;
			buildSettings = {
				ASSETCATALOG_COMPILER_APPICON_NAME = AppIcon;
				ASSETCATALOG_COMPILER_GLOBAL_ACCENT_COLOR_NAME = AccentColor;
				CODE_SIGN_STYLE = Automatic;
				CURRENT_PROJECT_VERSION = 1;
				DEVELOPMENT_ASSET_PATHS = "\"TripAroundSeoul/Preview Content\"";
				DEVELOPMENT_TEAM = X7H2S2S85P;
				ENABLE_PREVIEWS = YES;
				GENERATE_INFOPLIST_FILE = YES;
				INFOPLIST_KEY_NSLocationWhenInUseUsageDescription = "해주세요";
				INFOPLIST_KEY_UIApplicationSceneManifest_Generation = YES;
				INFOPLIST_KEY_UIApplicationSupportsIndirectInputEvents = YES;
				INFOPLIST_KEY_UILaunchScreen_Generation = YES;
				INFOPLIST_KEY_UISupportedInterfaceOrientations_iPad = "UIInterfaceOrientationPortrait UIInterfaceOrientationPortraitUpsideDown UIInterfaceOrientationLandscapeLeft UIInterfaceOrientationLandscapeRight";
				INFOPLIST_KEY_UISupportedInterfaceOrientations_iPhone = "UIInterfaceOrientationPortrait UIInterfaceOrientationLandscapeLeft UIInterfaceOrientationLandscapeRight";
				LD_RUNPATH_SEARCH_PATHS = (
					"$(inherited)",
					"@executable_path/Frameworks",
				);
				MARKETING_VERSION = 1.0;
				PRODUCT_BUNDLE_IDENTIFIER = "Kelly-Chui.TripAroundSeoul";
				PRODUCT_NAME = "$(TARGET_NAME)";
				SWIFT_EMIT_LOC_STRINGS = YES;
				SWIFT_VERSION = 5.0;
				TARGETED_DEVICE_FAMILY = "1,2";
			};
			name = Debug;
		};
		CFF8FAD328BD95C50006005C /* Release */ = {
			isa = XCBuildConfiguration;
			buildSettings = {
				ASSETCATALOG_COMPILER_APPICON_NAME = AppIcon;
				ASSETCATALOG_COMPILER_GLOBAL_ACCENT_COLOR_NAME = AccentColor;
				CODE_SIGN_STYLE = Automatic;
				CURRENT_PROJECT_VERSION = 1;
				DEVELOPMENT_ASSET_PATHS = "\"TripAroundSeoul/Preview Content\"";
				DEVELOPMENT_TEAM = X7H2S2S85P;
				ENABLE_PREVIEWS = YES;
				GENERATE_INFOPLIST_FILE = YES;
				INFOPLIST_KEY_NSLocationWhenInUseUsageDescription = "해주세요";
				INFOPLIST_KEY_UIApplicationSceneManifest_Generation = YES;
				INFOPLIST_KEY_UIApplicationSupportsIndirectInputEvents = YES;
				INFOPLIST_KEY_UILaunchScreen_Generation = YES;
				INFOPLIST_KEY_UISupportedInterfaceOrientations_iPad = "UIInterfaceOrientationPortrait UIInterfaceOrientationPortraitUpsideDown UIInterfaceOrientationLandscapeLeft UIInterfaceOrientationLandscapeRight";
				INFOPLIST_KEY_UISupportedInterfaceOrientations_iPhone = "UIInterfaceOrientationPortrait UIInterfaceOrientationLandscapeLeft UIInterfaceOrientationLandscapeRight";
				LD_RUNPATH_SEARCH_PATHS = (
					"$(inherited)",
					"@executable_path/Frameworks",
				);
				MARKETING_VERSION = 1.0;
				PRODUCT_BUNDLE_IDENTIFIER = "Kelly-Chui.TripAroundSeoul";
				PRODUCT_NAME = "$(TARGET_NAME)";
				SWIFT_EMIT_LOC_STRINGS = YES;
				SWIFT_VERSION = 5.0;
				TARGETED_DEVICE_FAMILY = "1,2";
			};
			name = Release;
		};
/* End XCBuildConfiguration section */

/* Begin XCConfigurationList section */
		CFF8FABE28BD95C40006005C /* Build configuration list for PBXProject "TripAroundSeoul" */ = {
			isa = XCConfigurationList;
			buildConfigurations = (
				CFF8FACF28BD95C50006005C /* Debug */,
				CFF8FAD028BD95C50006005C /* Release */,
			);
			defaultConfigurationIsVisible = 0;
			defaultConfigurationName = Release;
		};
		CFF8FAD128BD95C50006005C /* Build configuration list for PBXNativeTarget "TripAroundSeoul" */ = {
			isa = XCConfigurationList;
			buildConfigurations = (
				CFF8FAD228BD95C50006005C /* Debug */,
				CFF8FAD328BD95C50006005C /* Release */,
			);
			defaultConfigurationIsVisible = 0;
			defaultConfigurationName = Release;
		};
/* End XCConfigurationList section */
	};
	rootObject = CFF8FABB28BD95C40006005C /* Project object */;
}
